
Microsoft Visual Studio Solution File, Format Version 12.00
# Visual Studio 14
VisualStudioVersion = 14.0.23107.0
MinimumVisualStudioVersion = 10.0.40219.1
Project("{F14B399A-7131-4C87-9E4B-1186C45EF12D}") = "Report Project1", "Report Project1\Report Project1.rptproj", "{F65F636E-FB75-420F-9315-819C67031D1E}"
EndProject
Global
	GlobalSection(SolutionConfigurationPlatforms) = preSolution
		Debug|Default = Debug|Default
		DebugLocal|Default = DebugLocal|Default
		Release|Default = Release|Default
	EndGlobalSection
	GlobalSection(ProjectConfigurationPlatforms) = postSolution
		{F65F636E-FB75-420F-9315-819C67031D1E}.Debug|Default.ActiveCfg = Debug
		{F65F636E-FB75-420F-9315-819C67031D1E}.Debug|Default.Build.0 = Debug
		{F65F636E-FB75-420F-9315-819C67031D1E}.Debug|Default.Deploy.0 = Debug
		{F65F636E-FB75-420F-9315-819C67031D1E}.DebugLocal|Default.ActiveCfg = DebugLocal
		{F65F636E-FB75-420F-9315-819C67031D1E}.DebugLocal|Default.Build.0 = DebugLocal
		{F65F636E-FB75-420F-9315-819C67031D1E}.Release|Default.ActiveCfg = Release
		{F65F636E-FB75-420F-9315-819C67031D1E}.Release|Default.Build.0 = Release
		{F65F636E-FB75-420F-9315-819C67031D1E}.Release|Default.Deploy.0 = Release
	EndGlobalSection
	GlobalSection(SolutionProperties) = preSolution
		HideSolutionNode = FALSE
	EndGlobalSection
EndGlobal
